// !$*UTF8*$!
{
	archiveVersion = 1;
	classes = {
	};
	objectVersion = 55;
	objects = {

/* Begin PBXBuildFile section */
		F607355028E3839700AC18C0 /* BasePopupViewController.swift in Sources */ = {isa = PBXBuildFile; fileRef = F607354F28E3839700AC18C0 /* BasePopupViewController.swift */; };
		F607355328E5DE4300AC18C0 /* IQKeyboardManagerSwift in Frameworks */ = {isa = PBXBuildFile; productRef = F607355228E5DE4300AC18C0 /* IQKeyboardManagerSwift */; };
		F60AC96828DA40BB00B74898 /* ThirdHomeDetailImageTableViewCell.swift in Sources */ = {isa = PBXBuildFile; fileRef = F60AC96728DA40BB00B74898 /* ThirdHomeDetailImageTableViewCell.swift */; };
		F60AC96A28DAF82400B74898 /* WeatherModel.swift in Sources */ = {isa = PBXBuildFile; fileRef = F60AC96928DAF82400B74898 /* WeatherModel.swift */; };
		F60AC96E28DB05B000B74898 /* .gitignore in Resources */ = {isa = PBXBuildFile; fileRef = F60AC96D28DB05B000B74898 /* .gitignore */; };
		F60AC97228DB063500B74898 /* APIKey.swift in Sources */ = {isa = PBXBuildFile; fileRef = F60AC97128DB063500B74898 /* APIKey.swift */; };
		F60AC97528DB0CFD00B74898 /* SwiftyJSON in Frameworks */ = {isa = PBXBuildFile; productRef = F60AC97428DB0CFD00B74898 /* SwiftyJSON */; };
		F60AC98128DB642900B74898 /* PanModal in Frameworks */ = {isa = PBXBuildFile; productRef = F60AC98028DB642900B74898 /* PanModal */; };
		F60AC98328DB722F00B74898 /* UIViewController+Extension.swift in Sources */ = {isa = PBXBuildFile; fileRef = F60AC98228DB722F00B74898 /* UIViewController+Extension.swift */; };
		F60AC98528DB765300B74898 /* AddItemPanModalVC.swift in Sources */ = {isa = PBXBuildFile; fileRef = F60AC98428DB765300B74898 /* AddItemPanModalVC.swift */; };
		F60AC98728DB769300B74898 /* AddItemPanModalView.swift in Sources */ = {isa = PBXBuildFile; fileRef = F60AC98628DB769300B74898 /* AddItemPanModalView.swift */; };
		F60AC98928DB76A600B74898 /* AddItemPanModalTableViewCell.swift in Sources */ = {isa = PBXBuildFile; fileRef = F60AC98828DB76A600B74898 /* AddItemPanModalTableViewCell.swift */; };
		F60AC98E28DC5DA100B74898 /* Extension.swift in Sources */ = {isa = PBXBuildFile; fileRef = F60AC98D28DC5DA100B74898 /* Extension.swift */; };
		F65472C728F80CCC0047037B /* GoogleService-Info.plist in Resources */ = {isa = PBXBuildFile; fileRef = F65472C628F80CCC0047037B /* GoogleService-Info.plist */; };
		F65472CA28F80DE20047037B /* FirebaseAnalyticsWithoutAdIdSupport in Frameworks */ = {isa = PBXBuildFile; productRef = F65472C928F80DE20047037B /* FirebaseAnalyticsWithoutAdIdSupport */; };
		F65472CC28F80DE20047037B /* FirebaseCrashlytics in Frameworks */ = {isa = PBXBuildFile; productRef = F65472CB28F80DE20047037B /* FirebaseCrashlytics */; };
		F65472CE28F80DE20047037B /* FirebaseMessaging in Frameworks */ = {isa = PBXBuildFile; productRef = F65472CD28F80DE20047037B /* FirebaseMessaging */; };
		F66A0A4728DCDCA800D39E3C /* HomeViewThirdCollectionViewCell.swift in Sources */ = {isa = PBXBuildFile; fileRef = F66A0A4628DCDCA800D39E3C /* HomeViewThirdCollectionViewCell.swift */; };
		F68343B128D6331E00B94628 /* DetailSeasonCollectionViewCell.swift in Sources */ = {isa = PBXBuildFile; fileRef = F68343B028D6331E00B94628 /* DetailSeasonCollectionViewCell.swift */; };
		F689993628E0568100083BBB /* ProgressBar.swift in Sources */ = {isa = PBXBuildFile; fileRef = F689993528E0568100083BBB /* ProgressBar.swift */; };
		F689993928E0C62100083BBB /* ViewStatus.swift in Sources */ = {isa = PBXBuildFile; fileRef = F689993828E0C62100083BBB /* ViewStatus.swift */; };
		F689995B28E1F2A900083BBB /* ProgressBarLabel.swift in Sources */ = {isa = PBXBuildFile; fileRef = F689995A28E1F2A900083BBB /* ProgressBarLabel.swift */; };
		F68F00FA28D34E5400B7B349 /* Realm in Frameworks */ = {isa = PBXBuildFile; productRef = F68F00F928D34E5400B7B349 /* Realm */; };
		F68F00FC28D34E5400B7B349 /* RealmSwift in Frameworks */ = {isa = PBXBuildFile; productRef = F68F00FB28D34E5400B7B349 /* RealmSwift */; };
		F68F00FF28D34E6900B7B349 /* SnapKit in Frameworks */ = {isa = PBXBuildFile; productRef = F68F00FE28D34E6900B7B349 /* SnapKit */; };
		F68F010228D34E7800B7B349 /* YPImagePicker in Frameworks */ = {isa = PBXBuildFile; productRef = F68F010128D34E7800B7B349 /* YPImagePicker */; };
		F68F010528D34E8800B7B349 /* Alamofire in Frameworks */ = {isa = PBXBuildFile; productRef = F68F010428D34E8800B7B349 /* Alamofire */; };
		F68F010828D34E9600B7B349 /* FSCalendar in Frameworks */ = {isa = PBXBuildFile; productRef = F68F010728D34E9600B7B349 /* FSCalendar */; };
		F68F010F28D3550200B7B349 /* SecondAddItemDetailCollectionViewCell.swift in Sources */ = {isa = PBXBuildFile; fileRef = F68F010E28D3550200B7B349 /* SecondAddItemDetailCollectionViewCell.swift */; };
		F68F011128D3550C00B7B349 /* ThirdAddItemDetailCollectionViewCell.swift in Sources */ = {isa = PBXBuildFile; fileRef = F68F011028D3550C00B7B349 /* ThirdAddItemDetailCollectionViewCell.swift */; };
		F68F011328D365F300B7B349 /* FirstAddItemDetailCollectionReusableView.swift in Sources */ = {isa = PBXBuildFile; fileRef = F68F011228D365F300B7B349 /* FirstAddItemDetailCollectionReusableView.swift */; };
		F6A19A1A28F4316300274411 /* DetailImageViewController.swift in Sources */ = {isa = PBXBuildFile; fileRef = F6A19A1928F4316300274411 /* DetailImageViewController.swift */; };
		F6A19A1D28F431C300274411 /* DetailImageView.swift in Sources */ = {isa = PBXBuildFile; fileRef = F6A19A1C28F431C300274411 /* DetailImageView.swift */; };
		F6C1F3D928CC971B00B5FD0E /* AppDelegate.swift in Sources */ = {isa = PBXBuildFile; fileRef = F6C1F3D828CC971B00B5FD0E /* AppDelegate.swift */; };
		F6C1F3DB28CC971B00B5FD0E /* SceneDelegate.swift in Sources */ = {isa = PBXBuildFile; fileRef = F6C1F3DA28CC971B00B5FD0E /* SceneDelegate.swift */; };
		F6C1F3E028CC971B00B5FD0E /* Main.storyboard in Resources */ = {isa = PBXBuildFile; fileRef = F6C1F3DE28CC971B00B5FD0E /* Main.storyboard */; };
		F6C1F3E228CC971E00B5FD0E /* Assets.xcassets in Resources */ = {isa = PBXBuildFile; fileRef = F6C1F3E128CC971E00B5FD0E /* Assets.xcassets */; };
		F6C1F3E528CC971E00B5FD0E /* LaunchScreen.storyboard in Resources */ = {isa = PBXBuildFile; fileRef = F6C1F3E328CC971E00B5FD0E /* LaunchScreen.storyboard */; };
		F6C1F3F328CC97FB00B5FD0E /* BaseView.swift in Sources */ = {isa = PBXBuildFile; fileRef = F6C1F3F228CC97FB00B5FD0E /* BaseView.swift */; };
		F6C1F3F528CC980F00B5FD0E /* BaseViewController.swift in Sources */ = {isa = PBXBuildFile; fileRef = F6C1F3F428CC980F00B5FD0E /* BaseViewController.swift */; };
		F6C1F40828CC9A2200B5FD0E /* HomeView.swift in Sources */ = {isa = PBXBuildFile; fileRef = F6C1F40728CC9A2200B5FD0E /* HomeView.swift */; };
		F6C1F40A28CC9A3700B5FD0E /* FirstHomeDetailView-1.swift in Sources */ = {isa = PBXBuildFile; fileRef = F6C1F40928CC9A3700B5FD0E /* FirstHomeDetailView-1.swift */; };
		F6C1F40C28CC9A4100B5FD0E /* SecondHomeDetailView.swift in Sources */ = {isa = PBXBuildFile; fileRef = F6C1F40B28CC9A4100B5FD0E /* SecondHomeDetailView.swift */; };
		F6C1F40E28CC9A4B00B5FD0E /* ThirdHomeDetailView.swift in Sources */ = {isa = PBXBuildFile; fileRef = F6C1F40D28CC9A4B00B5FD0E /* ThirdHomeDetailView.swift */; };
		F6C1F41028CC9A5700B5FD0E /* HomeViewController.swift in Sources */ = {isa = PBXBuildFile; fileRef = F6C1F40F28CC9A5700B5FD0E /* HomeViewController.swift */; };
		F6C1F41228CC9A6300B5FD0E /* FirstHomeDetailViewController-1.swift in Sources */ = {isa = PBXBuildFile; fileRef = F6C1F41128CC9A6300B5FD0E /* FirstHomeDetailViewController-1.swift */; };
		F6C1F41428CC9A6B00B5FD0E /* SecondHomeDetailViewController.swift in Sources */ = {isa = PBXBuildFile; fileRef = F6C1F41328CC9A6B00B5FD0E /* SecondHomeDetailViewController.swift */; };
		F6C1F41628CC9A7300B5FD0E /* ThirdHomeDetailViewController.swift in Sources */ = {isa = PBXBuildFile; fileRef = F6C1F41528CC9A7300B5FD0E /* ThirdHomeDetailViewController.swift */; };
		F6C1F42928CC9B8D00B5FD0E /* Transition+Extension.swift in Sources */ = {isa = PBXBuildFile; fileRef = F6C1F42828CC9B8D00B5FD0E /* Transition+Extension.swift */; };
		F6C1F42B28CC9B9700B5FD0E /* Protocol+Extension.swift in Sources */ = {isa = PBXBuildFile; fileRef = F6C1F42A28CC9B9700B5FD0E /* Protocol+Extension.swift */; };
		F6C1F42D28CC9BD900B5FD0E /* StyleModel.swift in Sources */ = {isa = PBXBuildFile; fileRef = F6C1F42C28CC9BD900B5FD0E /* StyleModel.swift */; };
		F6C1F42F28CC9BE800B5FD0E /* StyleRepository.swift in Sources */ = {isa = PBXBuildFile; fileRef = F6C1F42E28CC9BE800B5FD0E /* StyleRepository.swift */; };
		F6C1F43328CC9C0900B5FD0E /* APIManager.swift in Sources */ = {isa = PBXBuildFile; fileRef = F6C1F43228CC9C0900B5FD0E /* APIManager.swift */; };
		F6C1F43628CC9E8E00B5FD0E /* BaseTableViewCell.swift in Sources */ = {isa = PBXBuildFile; fileRef = F6C1F43528CC9E8E00B5FD0E /* BaseTableViewCell.swift */; };
		F6C1F43828CC9ECE00B5FD0E /* BaseCollectionViewCell.swift in Sources */ = {isa = PBXBuildFile; fileRef = F6C1F43728CC9ECE00B5FD0E /* BaseCollectionViewCell.swift */; };
		F6C1F43D28CCC03C00B5FD0E /* AddItemView.swift in Sources */ = {isa = PBXBuildFile; fileRef = F6C1F43C28CCC03C00B5FD0E /* AddItemView.swift */; };
		F6C1F44328CCC6B200B5FD0E /* AddItemCollectionViewCell.swift in Sources */ = {isa = PBXBuildFile; fileRef = F6C1F44228CCC6B200B5FD0E /* AddItemCollectionViewCell.swift */; };
		F6C1F44528CCC92300B5FD0E /* AddItemViewController.swift in Sources */ = {isa = PBXBuildFile; fileRef = F6C1F44428CCC92300B5FD0E /* AddItemViewController.swift */; };
		F6C1F45328CCE89400B5FD0E /* DiaryView.swift in Sources */ = {isa = PBXBuildFile; fileRef = F6C1F45228CCE89400B5FD0E /* DiaryView.swift */; };
		F6C1F45528CCE8A700B5FD0E /* DiaryViewController.swift in Sources */ = {isa = PBXBuildFile; fileRef = F6C1F45428CCE8A700B5FD0E /* DiaryViewController.swift */; };
		F6C1F45728CDEA3E00B5FD0E /* FirstHomeDetailCollectionViewCell.swift in Sources */ = {isa = PBXBuildFile; fileRef = F6C1F45628CDEA3E00B5FD0E /* FirstHomeDetailCollectionViewCell.swift */; };
		F6C1F45928CDEA5500B5FD0E /* ThirdHomeDetailTableViewCell.swift in Sources */ = {isa = PBXBuildFile; fileRef = F6C1F45828CDEA5500B5FD0E /* ThirdHomeDetailTableViewCell.swift */; };
		F6C1F45B28CDEA6C00B5FD0E /* SecondHomeDetailCollectionViewCell.swift in Sources */ = {isa = PBXBuildFile; fileRef = F6C1F45A28CDEA6C00B5FD0E /* SecondHomeDetailCollectionViewCell.swift */; };
		F6C1F45D28CE0B9300B5FD0E /* AddItemDetailView.swift in Sources */ = {isa = PBXBuildFile; fileRef = F6C1F45C28CE0B9300B5FD0E /* AddItemDetailView.swift */; };
		F6C1F46228CE232C00B5FD0E /* AddItemDetailViewController.swift in Sources */ = {isa = PBXBuildFile; fileRef = F6C1F46128CE232C00B5FD0E /* AddItemDetailViewController.swift */; };
		F6C1F46D28D0503F00B5FD0E /* CustomImageView.swift in Sources */ = {isa = PBXBuildFile; fileRef = F6C1F46C28D0503F00B5FD0E /* CustomImageView.swift */; };
		F6C1F47228D0781200B5FD0E /* CustomHeaderView.swift in Sources */ = {isa = PBXBuildFile; fileRef = F6C1F47128D0781200B5FD0E /* CustomHeaderView.swift */; };
		F6C1F47528D07AB700B5FD0E /* DiaryTableViewCell.swift in Sources */ = {isa = PBXBuildFile; fileRef = F6C1F47428D07AB700B5FD0E /* DiaryTableViewCell.swift */; };
		F6D8211F28D7115800763183 /* DetailTabbarCollectionViewCell.swift in Sources */ = {isa = PBXBuildFile; fileRef = F6D8211E28D7115800763183 /* DetailTabbarCollectionViewCell.swift */; };
		F6D8212328DA167F00763183 /* FileManagerHelper.swift in Sources */ = {isa = PBXBuildFile; fileRef = F6D8212228DA167F00763183 /* FileManagerHelper.swift */; };
		F6DB7FBF28D0862F004AF264 /* FirstDiaryDetailView.swift in Sources */ = {isa = PBXBuildFile; fileRef = F6DB7FBE28D0862F004AF264 /* FirstDiaryDetailView.swift */; };
		F6DB7FC528D0AA6A004AF264 /* HomeViewFirstTableViewCell.swift in Sources */ = {isa = PBXBuildFile; fileRef = F6DB7FC428D0AA6A004AF264 /* HomeViewFirstTableViewCell.swift */; };
		F6DB7FC728D0AA74004AF264 /* HomeViewSecondTableViewCell.swift in Sources */ = {isa = PBXBuildFile; fileRef = F6DB7FC628D0AA74004AF264 /* HomeViewSecondTableViewCell.swift */; };
		F6DB7FC928D0AA7D004AF264 /* HomeViewThirdTableViewCell.swift in Sources */ = {isa = PBXBuildFile; fileRef = F6DB7FC828D0AA7D004AF264 /* HomeViewThirdTableViewCell.swift */; };
		F6DB7FCB28D0AA96004AF264 /* HomeViewFourthTableViewCell.swift in Sources */ = {isa = PBXBuildFile; fileRef = F6DB7FCA28D0AA96004AF264 /* HomeViewFourthTableViewCell.swift */; };
		F6DB7FCD28D0C4FF004AF264 /* ReusableHeaderView.swift in Sources */ = {isa = PBXBuildFile; fileRef = F6DB7FCC28D0C4FF004AF264 /* ReusableHeaderView.swift */; };
		F6DB7FCF28D0CC84004AF264 /* FirstHomeDetailView-2.swift in Sources */ = {isa = PBXBuildFile; fileRef = F6DB7FCE28D0CC84004AF264 /* FirstHomeDetailView-2.swift */; };
		F6DB7FD128D0CCAE004AF264 /* FirstHomeDetailViewController-2.swift in Sources */ = {isa = PBXBuildFile; fileRef = F6DB7FD028D0CCAE004AF264 /* FirstHomeDetailViewController-2.swift */; };
		F6DB7FD328D0CE7A004AF264 /* HomeDetailCollectionReusableView.swift in Sources */ = {isa = PBXBuildFile; fileRef = F6DB7FD228D0CE7A004AF264 /* HomeDetailCollectionReusableView.swift */; };
		F6DB7FD528D0D122004AF264 /* CustomUIView.swift in Sources */ = {isa = PBXBuildFile; fileRef = F6DB7FD428D0D122004AF264 /* CustomUIView.swift */; };
		F6DB7FDA28D107F6004AF264 /* DiaryDetailViewController.swift in Sources */ = {isa = PBXBuildFile; fileRef = F6DB7FD928D107F6004AF264 /* DiaryDetailViewController.swift */; };
		F6DB7FDE28D114E2004AF264 /* DetailCollectionViewCell.swift in Sources */ = {isa = PBXBuildFile; fileRef = F6DB7FDD28D114E2004AF264 /* DetailCollectionViewCell.swift */; };
		F6DB7FE028D1EC18004AF264 /* DiarySecondDetailViewController.swift in Sources */ = {isa = PBXBuildFile; fileRef = F6DB7FDF28D1EC18004AF264 /* DiarySecondDetailViewController.swift */; };
		F6DB7FE228D1EC26004AF264 /* SecondDiaryDetailView.swift in Sources */ = {isa = PBXBuildFile; fileRef = F6DB7FE128D1EC26004AF264 /* SecondDiaryDetailView.swift */; };
/* End PBXBuildFile section */

/* Begin PBXFileReference section */
		F607354F28E3839700AC18C0 /* BasePopupViewController.swift */ = {isa = PBXFileReference; lastKnownFileType = sourcecode.swift; path = BasePopupViewController.swift; sourceTree = "<group>"; };
		F60AC96728DA40BB00B74898 /* ThirdHomeDetailImageTableViewCell.swift */ = {isa = PBXFileReference; lastKnownFileType = sourcecode.swift; path = ThirdHomeDetailImageTableViewCell.swift; sourceTree = "<group>"; };
		F60AC96928DAF82400B74898 /* WeatherModel.swift */ = {isa = PBXFileReference; lastKnownFileType = sourcecode.swift; path = WeatherModel.swift; sourceTree = "<group>"; };
		F60AC96D28DB05B000B74898 /* .gitignore */ = {isa = PBXFileReference; lastKnownFileType = text; path = .gitignore; sourceTree = "<group>"; };
		F60AC97128DB063500B74898 /* APIKey.swift */ = {isa = PBXFileReference; lastKnownFileType = sourcecode.swift; path = APIKey.swift; sourceTree = "<group>"; };
		F60AC98228DB722F00B74898 /* UIViewController+Extension.swift */ = {isa = PBXFileReference; lastKnownFileType = sourcecode.swift; path = "UIViewController+Extension.swift"; sourceTree = "<group>"; };
		F60AC98428DB765300B74898 /* AddItemPanModalVC.swift */ = {isa = PBXFileReference; lastKnownFileType = sourcecode.swift; path = AddItemPanModalVC.swift; sourceTree = "<group>"; };
		F60AC98628DB769300B74898 /* AddItemPanModalView.swift */ = {isa = PBXFileReference; lastKnownFileType = sourcecode.swift; path = AddItemPanModalView.swift; sourceTree = "<group>"; };
		F60AC98828DB76A600B74898 /* AddItemPanModalTableViewCell.swift */ = {isa = PBXFileReference; lastKnownFileType = sourcecode.swift; path = AddItemPanModalTableViewCell.swift; sourceTree = "<group>"; };
		F60AC98D28DC5DA100B74898 /* Extension.swift */ = {isa = PBXFileReference; lastKnownFileType = sourcecode.swift; path = Extension.swift; sourceTree = "<group>"; };
		F65472C528F8090E0047037B /* Release Project.entitlements */ = {isa = PBXFileReference; lastKnownFileType = text.plist.entitlements; path = "Release Project.entitlements"; sourceTree = "<group>"; };
		F65472C628F80CCC0047037B /* GoogleService-Info.plist */ = {isa = PBXFileReference; fileEncoding = 4; lastKnownFileType = text.plist.xml; path = "GoogleService-Info.plist"; sourceTree = "<group>"; };
		F66A0A4628DCDCA800D39E3C /* HomeViewThirdCollectionViewCell.swift */ = {isa = PBXFileReference; lastKnownFileType = sourcecode.swift; path = HomeViewThirdCollectionViewCell.swift; sourceTree = "<group>"; };
		F68343B028D6331E00B94628 /* DetailSeasonCollectionViewCell.swift */ = {isa = PBXFileReference; lastKnownFileType = sourcecode.swift; path = DetailSeasonCollectionViewCell.swift; sourceTree = "<group>"; };
		F689993528E0568100083BBB /* ProgressBar.swift */ = {isa = PBXFileReference; lastKnownFileType = sourcecode.swift; path = ProgressBar.swift; sourceTree = "<group>"; };
		F689993828E0C62100083BBB /* ViewStatus.swift */ = {isa = PBXFileReference; lastKnownFileType = sourcecode.swift; path = ViewStatus.swift; sourceTree = "<group>"; };
		F689995A28E1F2A900083BBB /* ProgressBarLabel.swift */ = {isa = PBXFileReference; lastKnownFileType = sourcecode.swift; path = ProgressBarLabel.swift; sourceTree = "<group>"; };
		F68F010E28D3550200B7B349 /* SecondAddItemDetailCollectionViewCell.swift */ = {isa = PBXFileReference; lastKnownFileType = sourcecode.swift; path = SecondAddItemDetailCollectionViewCell.swift; sourceTree = "<group>"; };
		F68F011028D3550C00B7B349 /* ThirdAddItemDetailCollectionViewCell.swift */ = {isa = PBXFileReference; lastKnownFileType = sourcecode.swift; path = ThirdAddItemDetailCollectionViewCell.swift; sourceTree = "<group>"; };
		F68F011228D365F300B7B349 /* FirstAddItemDetailCollectionReusableView.swift */ = {isa = PBXFileReference; lastKnownFileType = sourcecode.swift; path = FirstAddItemDetailCollectionReusableView.swift; sourceTree = "<group>"; };
		F6A19A1928F4316300274411 /* DetailImageViewController.swift */ = {isa = PBXFileReference; lastKnownFileType = sourcecode.swift; path = DetailImageViewController.swift; sourceTree = "<group>"; };
		F6A19A1C28F431C300274411 /* DetailImageView.swift */ = {isa = PBXFileReference; lastKnownFileType = sourcecode.swift; path = DetailImageView.swift; sourceTree = "<group>"; };
		F6C1F3D528CC971B00B5FD0E /* Release Project.app */ = {isa = PBXFileReference; explicitFileType = wrapper.application; includeInIndex = 0; path = "Release Project.app"; sourceTree = BUILT_PRODUCTS_DIR; };
		F6C1F3D828CC971B00B5FD0E /* AppDelegate.swift */ = {isa = PBXFileReference; lastKnownFileType = sourcecode.swift; path = AppDelegate.swift; sourceTree = "<group>"; };
		F6C1F3DA28CC971B00B5FD0E /* SceneDelegate.swift */ = {isa = PBXFileReference; lastKnownFileType = sourcecode.swift; path = SceneDelegate.swift; sourceTree = "<group>"; };
		F6C1F3DF28CC971B00B5FD0E /* Base */ = {isa = PBXFileReference; lastKnownFileType = file.storyboard; name = Base; path = Base.lproj/Main.storyboard; sourceTree = "<group>"; };
		F6C1F3E128CC971E00B5FD0E /* Assets.xcassets */ = {isa = PBXFileReference; lastKnownFileType = folder.assetcatalog; path = Assets.xcassets; sourceTree = "<group>"; };
		F6C1F3E428CC971E00B5FD0E /* Base */ = {isa = PBXFileReference; lastKnownFileType = file.storyboard; name = Base; path = Base.lproj/LaunchScreen.storyboard; sourceTree = "<group>"; };
		F6C1F3E628CC971E00B5FD0E /* Info.plist */ = {isa = PBXFileReference; lastKnownFileType = text.plist.xml; path = Info.plist; sourceTree = "<group>"; };
		F6C1F3F228CC97FB00B5FD0E /* BaseView.swift */ = {isa = PBXFileReference; lastKnownFileType = sourcecode.swift; path = BaseView.swift; sourceTree = "<group>"; };
		F6C1F3F428CC980F00B5FD0E /* BaseViewController.swift */ = {isa = PBXFileReference; lastKnownFileType = sourcecode.swift; path = BaseViewController.swift; sourceTree = "<group>"; };
		F6C1F40728CC9A2200B5FD0E /* HomeView.swift */ = {isa = PBXFileReference; lastKnownFileType = sourcecode.swift; path = HomeView.swift; sourceTree = "<group>"; };
		F6C1F40928CC9A3700B5FD0E /* FirstHomeDetailView-1.swift */ = {isa = PBXFileReference; lastKnownFileType = sourcecode.swift; path = "FirstHomeDetailView-1.swift"; sourceTree = "<group>"; };
		F6C1F40B28CC9A4100B5FD0E /* SecondHomeDetailView.swift */ = {isa = PBXFileReference; lastKnownFileType = sourcecode.swift; path = SecondHomeDetailView.swift; sourceTree = "<group>"; };
		F6C1F40D28CC9A4B00B5FD0E /* ThirdHomeDetailView.swift */ = {isa = PBXFileReference; lastKnownFileType = sourcecode.swift; path = ThirdHomeDetailView.swift; sourceTree = "<group>"; };
		F6C1F40F28CC9A5700B5FD0E /* HomeViewController.swift */ = {isa = PBXFileReference; lastKnownFileType = sourcecode.swift; path = HomeViewController.swift; sourceTree = "<group>"; };
		F6C1F41128CC9A6300B5FD0E /* FirstHomeDetailViewController-1.swift */ = {isa = PBXFileReference; lastKnownFileType = sourcecode.swift; path = "FirstHomeDetailViewController-1.swift"; sourceTree = "<group>"; };
		F6C1F41328CC9A6B00B5FD0E /* SecondHomeDetailViewController.swift */ = {isa = PBXFileReference; lastKnownFileType = sourcecode.swift; path = SecondHomeDetailViewController.swift; sourceTree = "<group>"; };
		F6C1F41528CC9A7300B5FD0E /* ThirdHomeDetailViewController.swift */ = {isa = PBXFileReference; lastKnownFileType = sourcecode.swift; path = ThirdHomeDetailViewController.swift; sourceTree = "<group>"; };
		F6C1F42828CC9B8D00B5FD0E /* Transition+Extension.swift */ = {isa = PBXFileReference; lastKnownFileType = sourcecode.swift; path = "Transition+Extension.swift"; sourceTree = "<group>"; };
		F6C1F42A28CC9B9700B5FD0E /* Protocol+Extension.swift */ = {isa = PBXFileReference; lastKnownFileType = sourcecode.swift; path = "Protocol+Extension.swift"; sourceTree = "<group>"; };
		F6C1F42C28CC9BD900B5FD0E /* StyleModel.swift */ = {isa = PBXFileReference; lastKnownFileType = sourcecode.swift; path = StyleModel.swift; sourceTree = "<group>"; };
		F6C1F42E28CC9BE800B5FD0E /* StyleRepository.swift */ = {isa = PBXFileReference; lastKnownFileType = sourcecode.swift; path = StyleRepository.swift; sourceTree = "<group>"; };
		F6C1F43228CC9C0900B5FD0E /* APIManager.swift */ = {isa = PBXFileReference; lastKnownFileType = sourcecode.swift; path = APIManager.swift; sourceTree = "<group>"; };
		F6C1F43528CC9E8E00B5FD0E /* BaseTableViewCell.swift */ = {isa = PBXFileReference; lastKnownFileType = sourcecode.swift; path = BaseTableViewCell.swift; sourceTree = "<group>"; };
		F6C1F43728CC9ECE00B5FD0E /* BaseCollectionViewCell.swift */ = {isa = PBXFileReference; lastKnownFileType = sourcecode.swift; path = BaseCollectionViewCell.swift; sourceTree = "<group>"; };
		F6C1F43C28CCC03C00B5FD0E /* AddItemView.swift */ = {isa = PBXFileReference; lastKnownFileType = sourcecode.swift; path = AddItemView.swift; sourceTree = "<group>"; };
		F6C1F44228CCC6B200B5FD0E /* AddItemCollectionViewCell.swift */ = {isa = PBXFileReference; lastKnownFileType = sourcecode.swift; path = AddItemCollectionViewCell.swift; sourceTree = "<group>"; };
		F6C1F44428CCC92300B5FD0E /* AddItemViewController.swift */ = {isa = PBXFileReference; lastKnownFileType = sourcecode.swift; path = AddItemViewController.swift; sourceTree = "<group>"; };
		F6C1F45228CCE89400B5FD0E /* DiaryView.swift */ = {isa = PBXFileReference; lastKnownFileType = sourcecode.swift; path = DiaryView.swift; sourceTree = "<group>"; };
		F6C1F45428CCE8A700B5FD0E /* DiaryViewController.swift */ = {isa = PBXFileReference; lastKnownFileType = sourcecode.swift; path = DiaryViewController.swift; sourceTree = "<group>"; };
		F6C1F45628CDEA3E00B5FD0E /* FirstHomeDetailCollectionViewCell.swift */ = {isa = PBXFileReference; lastKnownFileType = sourcecode.swift; path = FirstHomeDetailCollectionViewCell.swift; sourceTree = "<group>"; };
		F6C1F45828CDEA5500B5FD0E /* ThirdHomeDetailTableViewCell.swift */ = {isa = PBXFileReference; lastKnownFileType = sourcecode.swift; path = ThirdHomeDetailTableViewCell.swift; sourceTree = "<group>"; };
		F6C1F45A28CDEA6C00B5FD0E /* SecondHomeDetailCollectionViewCell.swift */ = {isa = PBXFileReference; lastKnownFileType = sourcecode.swift; path = SecondHomeDetailCollectionViewCell.swift; sourceTree = "<group>"; };
		F6C1F45C28CE0B9300B5FD0E /* AddItemDetailView.swift */ = {isa = PBXFileReference; lastKnownFileType = sourcecode.swift; path = AddItemDetailView.swift; sourceTree = "<group>"; };
		F6C1F46128CE232C00B5FD0E /* AddItemDetailViewController.swift */ = {isa = PBXFileReference; lastKnownFileType = sourcecode.swift; path = AddItemDetailViewController.swift; sourceTree = "<group>"; };
		F6C1F46C28D0503F00B5FD0E /* CustomImageView.swift */ = {isa = PBXFileReference; lastKnownFileType = sourcecode.swift; path = CustomImageView.swift; sourceTree = "<group>"; };
		F6C1F47128D0781200B5FD0E /* CustomHeaderView.swift */ = {isa = PBXFileReference; lastKnownFileType = sourcecode.swift; path = CustomHeaderView.swift; sourceTree = "<group>"; };
		F6C1F47428D07AB700B5FD0E /* DiaryTableViewCell.swift */ = {isa = PBXFileReference; lastKnownFileType = sourcecode.swift; path = DiaryTableViewCell.swift; sourceTree = "<group>"; };
		F6D8211E28D7115800763183 /* DetailTabbarCollectionViewCell.swift */ = {isa = PBXFileReference; lastKnownFileType = sourcecode.swift; path = DetailTabbarCollectionViewCell.swift; sourceTree = "<group>"; };
		F6D8212228DA167F00763183 /* FileManagerHelper.swift */ = {isa = PBXFileReference; lastKnownFileType = sourcecode.swift; path = FileManagerHelper.swift; sourceTree = "<group>"; };
		F6DB7FBE28D0862F004AF264 /* FirstDiaryDetailView.swift */ = {isa = PBXFileReference; lastKnownFileType = sourcecode.swift; path = FirstDiaryDetailView.swift; sourceTree = "<group>"; };
		F6DB7FC428D0AA6A004AF264 /* HomeViewFirstTableViewCell.swift */ = {isa = PBXFileReference; lastKnownFileType = sourcecode.swift; path = HomeViewFirstTableViewCell.swift; sourceTree = "<group>"; };
		F6DB7FC628D0AA74004AF264 /* HomeViewSecondTableViewCell.swift */ = {isa = PBXFileReference; lastKnownFileType = sourcecode.swift; path = HomeViewSecondTableViewCell.swift; sourceTree = "<group>"; };
		F6DB7FC828D0AA7D004AF264 /* HomeViewThirdTableViewCell.swift */ = {isa = PBXFileReference; lastKnownFileType = sourcecode.swift; path = HomeViewThirdTableViewCell.swift; sourceTree = "<group>"; };
		F6DB7FCA28D0AA96004AF264 /* HomeViewFourthTableViewCell.swift */ = {isa = PBXFileReference; lastKnownFileType = sourcecode.swift; path = HomeViewFourthTableViewCell.swift; sourceTree = "<group>"; };
		F6DB7FCC28D0C4FF004AF264 /* ReusableHeaderView.swift */ = {isa = PBXFileReference; lastKnownFileType = sourcecode.swift; path = ReusableHeaderView.swift; sourceTree = "<group>"; };
		F6DB7FCE28D0CC84004AF264 /* FirstHomeDetailView-2.swift */ = {isa = PBXFileReference; lastKnownFileType = sourcecode.swift; path = "FirstHomeDetailView-2.swift"; sourceTree = "<group>"; };
		F6DB7FD028D0CCAE004AF264 /* FirstHomeDetailViewController-2.swift */ = {isa = PBXFileReference; lastKnownFileType = sourcecode.swift; path = "FirstHomeDetailViewController-2.swift"; sourceTree = "<group>"; };
		F6DB7FD228D0CE7A004AF264 /* HomeDetailCollectionReusableView.swift */ = {isa = PBXFileReference; lastKnownFileType = sourcecode.swift; path = HomeDetailCollectionReusableView.swift; sourceTree = "<group>"; };
		F6DB7FD428D0D122004AF264 /* CustomUIView.swift */ = {isa = PBXFileReference; lastKnownFileType = sourcecode.swift; path = CustomUIView.swift; sourceTree = "<group>"; };
		F6DB7FD928D107F6004AF264 /* DiaryDetailViewController.swift */ = {isa = PBXFileReference; lastKnownFileType = sourcecode.swift; path = DiaryDetailViewController.swift; sourceTree = "<group>"; };
		F6DB7FDD28D114E2004AF264 /* DetailCollectionViewCell.swift */ = {isa = PBXFileReference; lastKnownFileType = sourcecode.swift; path = DetailCollectionViewCell.swift; sourceTree = "<group>"; };
		F6DB7FDF28D1EC18004AF264 /* DiarySecondDetailViewController.swift */ = {isa = PBXFileReference; lastKnownFileType = sourcecode.swift; path = DiarySecondDetailViewController.swift; sourceTree = "<group>"; };
		F6DB7FE128D1EC26004AF264 /* SecondDiaryDetailView.swift */ = {isa = PBXFileReference; lastKnownFileType = sourcecode.swift; path = SecondDiaryDetailView.swift; sourceTree = "<group>"; };
/* End PBXFileReference section */

/* Begin PBXFrameworksBuildPhase section */
		F6C1F3D228CC971B00B5FD0E /* Frameworks */ = {
			isa = PBXFrameworksBuildPhase;
			buildActionMask = 2147483647;
			files = (
				F65472CE28F80DE20047037B /* FirebaseMessaging in Frameworks */,
				F68F010528D34E8800B7B349 /* Alamofire in Frameworks */,
				F65472CA28F80DE20047037B /* FirebaseAnalyticsWithoutAdIdSupport in Frameworks */,
				F68F010828D34E9600B7B349 /* FSCalendar in Frameworks */,
				F60AC97528DB0CFD00B74898 /* SwiftyJSON in Frameworks */,
				F68F00FF28D34E6900B7B349 /* SnapKit in Frameworks */,
				F65472CC28F80DE20047037B /* FirebaseCrashlytics in Frameworks */,
				F60AC98128DB642900B74898 /* PanModal in Frameworks */,
				F607355328E5DE4300AC18C0 /* IQKeyboardManagerSwift in Frameworks */,
				F68F00FC28D34E5400B7B349 /* RealmSwift in Frameworks */,
				F68F00FA28D34E5400B7B349 /* Realm in Frameworks */,
				F68F010228D34E7800B7B349 /* YPImagePicker in Frameworks */,
			);
			runOnlyForDeploymentPostprocessing = 0;
		};
/* End PBXFrameworksBuildPhase section */

/* Begin PBXGroup section */
		F60AC97028DB062800B74898 /* Key */ = {
			isa = PBXGroup;
			children = (
				F60AC97128DB063500B74898 /* APIKey.swift */,
			);
			path = Key;
			sourceTree = "<group>";
		};
		F68F011428D3988F00B7B349 /* Constant */ = {
			isa = PBXGroup;
			children = (
			);
			path = Constant;
			sourceTree = "<group>";
		};
		F6A19A1828F4311E00274411 /* DetailImageViewController */ = {
			isa = PBXGroup;
			children = (
				F6A19A1928F4316300274411 /* DetailImageViewController.swift */,
			);
			path = DetailImageViewController;
			sourceTree = "<group>";
		};
		F6A19A1B28F4319700274411 /* DetailImageView */ = {
			isa = PBXGroup;
			children = (
				F6A19A1C28F431C300274411 /* DetailImageView.swift */,
			);
			path = DetailImageView;
			sourceTree = "<group>";
		};
		F6C1F3CC28CC971B00B5FD0E = {
			isa = PBXGroup;
			children = (
				F60AC96D28DB05B000B74898 /* .gitignore */,
				F6C1F3D728CC971B00B5FD0E /* Release Project */,
				F6C1F3D628CC971B00B5FD0E /* Products */,
			);
			sourceTree = "<group>";
		};
		F6C1F3D628CC971B00B5FD0E /* Products */ = {
			isa = PBXGroup;
			children = (
				F6C1F3D528CC971B00B5FD0E /* Release Project.app */,
			);
			name = Products;
			sourceTree = "<group>";
		};
		F6C1F3D728CC971B00B5FD0E /* Release Project */ = {
			isa = PBXGroup;
			children = (
				F65472C528F8090E0047037B /* Release Project.entitlements */,
				F60AC97028DB062800B74898 /* Key */,
				F6C1F3EC28CC975800B5FD0E /* Model */,
				F6C1F3F028CC97A100B5FD0E /* Manager */,
				F6C1F3EF28CC979B00B5FD0E /* Extension */,
				F6C1F3F128CC97B200B5FD0E /* Utility */,
				F6C1F3ED28CC977B00B5FD0E /* View */,
				F6C1F3EE28CC978000B5FD0E /* Controller */,
				F6C1F3D828CC971B00B5FD0E /* AppDelegate.swift */,
				F6C1F3DA28CC971B00B5FD0E /* SceneDelegate.swift */,
				F6C1F3DE28CC971B00B5FD0E /* Main.storyboard */,
				F6C1F3E128CC971E00B5FD0E /* Assets.xcassets */,
				F6C1F3E328CC971E00B5FD0E /* LaunchScreen.storyboard */,
				F6C1F3E628CC971E00B5FD0E /* Info.plist */,
				F65472C628F80CCC0047037B /* GoogleService-Info.plist */,
			);
			path = "Release Project";
			sourceTree = "<group>";
		};
		F6C1F3EC28CC975800B5FD0E /* Model */ = {
			isa = PBXGroup;
			children = (
				F60AC96928DAF82400B74898 /* WeatherModel.swift */,
				F6C1F42C28CC9BD900B5FD0E /* StyleModel.swift */,
				F6C1F42E28CC9BE800B5FD0E /* StyleRepository.swift */,
			);
			path = Model;
			sourceTree = "<group>";
		};
		F6C1F3ED28CC977B00B5FD0E /* View */ = {
			isa = PBXGroup;
			children = (
				F6A19A1B28F4319700274411 /* DetailImageView */,
				F6C1F3FE28CC996000B5FD0E /* Home */,
				F6C1F42528CC9B5B00B5FD0E /* AddItem */,
				F6C1F42728CC9B6800B5FD0E /* Diary */,
			);
			path = View;
			sourceTree = "<group>";
		};
		F6C1F3EE28CC978000B5FD0E /* Controller */ = {
			isa = PBXGroup;
			children = (
				F6A19A1828F4311E00274411 /* DetailImageViewController */,
				F6C1F3FF28CC997000B5FD0E /* Home */,
				F6C1F42228CC9B0100B5FD0E /* AddItem */,
				F6C1F42428CC9B2600B5FD0E /* Diary */,
			);
			path = Controller;
			sourceTree = "<group>";
		};
		F6C1F3EF28CC979B00B5FD0E /* Extension */ = {
			isa = PBXGroup;
			children = (
				F60AC98D28DC5DA100B74898 /* Extension.swift */,
				F6C1F42828CC9B8D00B5FD0E /* Transition+Extension.swift */,
				F6C1F42A28CC9B9700B5FD0E /* Protocol+Extension.swift */,
				F60AC98228DB722F00B74898 /* UIViewController+Extension.swift */,
			);
			path = Extension;
			sourceTree = "<group>";
		};
		F6C1F3F028CC97A100B5FD0E /* Manager */ = {
			isa = PBXGroup;
			children = (
				F6C1F43228CC9C0900B5FD0E /* APIManager.swift */,
				F6D8212228DA167F00763183 /* FileManagerHelper.swift */,
			);
			path = Manager;
			sourceTree = "<group>";
		};
		F6C1F3F128CC97B200B5FD0E /* Utility */ = {
			isa = PBXGroup;
			children = (
				F68F011428D3988F00B7B349 /* Constant */,
				F6C1F46028CE0D0800B5FD0E /* CustomView */,
				F689993828E0C62100083BBB /* ViewStatus.swift */,
				F6C1F3F228CC97FB00B5FD0E /* BaseView.swift */,
				F6C1F3F428CC980F00B5FD0E /* BaseViewController.swift */,
				F607354F28E3839700AC18C0 /* BasePopupViewController.swift */,
				F6C1F43528CC9E8E00B5FD0E /* BaseTableViewCell.swift */,
				F6C1F43728CC9ECE00B5FD0E /* BaseCollectionViewCell.swift */,
			);
			path = Utility;
			sourceTree = "<group>";
		};
		F6C1F3FE28CC996000B5FD0E /* Home */ = {
			isa = PBXGroup;
			children = (
				F6C1F43428CC9E5F00B5FD0E /* Cell */,
				F6C1F40728CC9A2200B5FD0E /* HomeView.swift */,
				F6C1F40928CC9A3700B5FD0E /* FirstHomeDetailView-1.swift */,
				F6DB7FCE28D0CC84004AF264 /* FirstHomeDetailView-2.swift */,
				F6C1F40B28CC9A4100B5FD0E /* SecondHomeDetailView.swift */,
				F6C1F40D28CC9A4B00B5FD0E /* ThirdHomeDetailView.swift */,
			);
			path = Home;
			sourceTree = "<group>";
		};
		F6C1F3FF28CC997000B5FD0E /* Home */ = {
			isa = PBXGroup;
			children = (
				F6C1F40F28CC9A5700B5FD0E /* HomeViewController.swift */,
				F6C1F41128CC9A6300B5FD0E /* FirstHomeDetailViewController-1.swift */,
				F6DB7FD028D0CCAE004AF264 /* FirstHomeDetailViewController-2.swift */,
				F6C1F41328CC9A6B00B5FD0E /* SecondHomeDetailViewController.swift */,
				F6C1F41528CC9A7300B5FD0E /* ThirdHomeDetailViewController.swift */,
			);
			path = Home;
			sourceTree = "<group>";
		};
		F6C1F42228CC9B0100B5FD0E /* AddItem */ = {
			isa = PBXGroup;
			children = (
				F6C1F44428CCC92300B5FD0E /* AddItemViewController.swift */,
				F60AC98428DB765300B74898 /* AddItemPanModalVC.swift */,
				F6C1F46128CE232C00B5FD0E /* AddItemDetailViewController.swift */,
			);
			path = AddItem;
			sourceTree = "<group>";
		};
		F6C1F42428CC9B2600B5FD0E /* Diary */ = {
			isa = PBXGroup;
			children = (
				F6C1F45428CCE8A700B5FD0E /* DiaryViewController.swift */,
				F6DB7FD928D107F6004AF264 /* DiaryDetailViewController.swift */,
				F6DB7FDF28D1EC18004AF264 /* DiarySecondDetailViewController.swift */,
			);
			path = Diary;
			sourceTree = "<group>";
		};
		F6C1F42528CC9B5B00B5FD0E /* AddItem */ = {
			isa = PBXGroup;
			children = (
				F6C1F44128CCC59100B5FD0E /* Cell */,
				F6C1F43C28CCC03C00B5FD0E /* AddItemView.swift */,
				F60AC98628DB769300B74898 /* AddItemPanModalView.swift */,
				F6C1F45C28CE0B9300B5FD0E /* AddItemDetailView.swift */,
			);
			path = AddItem;
			sourceTree = "<group>";
		};
		F6C1F42728CC9B6800B5FD0E /* Diary */ = {
			isa = PBXGroup;
			children = (
				F6C1F45128CCE88500B5FD0E /* Cell */,
				F6C1F45228CCE89400B5FD0E /* DiaryView.swift */,
				F6DB7FBE28D0862F004AF264 /* FirstDiaryDetailView.swift */,
				F6DB7FE128D1EC26004AF264 /* SecondDiaryDetailView.swift */,
			);
			path = Diary;
			sourceTree = "<group>";
		};
		F6C1F43428CC9E5F00B5FD0E /* Cell */ = {
			isa = PBXGroup;
			children = (
				F6C1F45628CDEA3E00B5FD0E /* FirstHomeDetailCollectionViewCell.swift */,
				F6C1F45A28CDEA6C00B5FD0E /* SecondHomeDetailCollectionViewCell.swift */,
				F6C1F45828CDEA5500B5FD0E /* ThirdHomeDetailTableViewCell.swift */,
				F60AC96728DA40BB00B74898 /* ThirdHomeDetailImageTableViewCell.swift */,
				F6DB7FC428D0AA6A004AF264 /* HomeViewFirstTableViewCell.swift */,
				F6DB7FC628D0AA74004AF264 /* HomeViewSecondTableViewCell.swift */,
				F6DB7FC828D0AA7D004AF264 /* HomeViewThirdTableViewCell.swift */,
				F66A0A4628DCDCA800D39E3C /* HomeViewThirdCollectionViewCell.swift */,
				F6DB7FCA28D0AA96004AF264 /* HomeViewFourthTableViewCell.swift */,
				F6DB7FCC28D0C4FF004AF264 /* ReusableHeaderView.swift */,
				F6DB7FD228D0CE7A004AF264 /* HomeDetailCollectionReusableView.swift */,
			);
			path = Cell;
			sourceTree = "<group>";
		};
		F6C1F44128CCC59100B5FD0E /* Cell */ = {
			isa = PBXGroup;
			children = (
				F6C1F44228CCC6B200B5FD0E /* AddItemCollectionViewCell.swift */,
				F60AC98828DB76A600B74898 /* AddItemPanModalTableViewCell.swift */,
				F68F011228D365F300B7B349 /* FirstAddItemDetailCollectionReusableView.swift */,
				F68F010E28D3550200B7B349 /* SecondAddItemDetailCollectionViewCell.swift */,
				F68F011028D3550C00B7B349 /* ThirdAddItemDetailCollectionViewCell.swift */,
			);
			path = Cell;
			sourceTree = "<group>";
		};
		F6C1F45128CCE88500B5FD0E /* Cell */ = {
			isa = PBXGroup;
			children = (
				F6C1F47428D07AB700B5FD0E /* DiaryTableViewCell.swift */,
				F6C1F47128D0781200B5FD0E /* CustomHeaderView.swift */,
				F6DB7FDD28D114E2004AF264 /* DetailCollectionViewCell.swift */,
				F68343B028D6331E00B94628 /* DetailSeasonCollectionViewCell.swift */,
				F6D8211E28D7115800763183 /* DetailTabbarCollectionViewCell.swift */,
			);
			path = Cell;
			sourceTree = "<group>";
		};
		F6C1F46028CE0D0800B5FD0E /* CustomView */ = {
			isa = PBXGroup;
			children = (
				F6C1F46C28D0503F00B5FD0E /* CustomImageView.swift */,
				F6DB7FD428D0D122004AF264 /* CustomUIView.swift */,
				F689995A28E1F2A900083BBB /* ProgressBarLabel.swift */,
				F689993528E0568100083BBB /* ProgressBar.swift */,
			);
			path = CustomView;
			sourceTree = "<group>";
		};
/* End PBXGroup section */

/* Begin PBXNativeTarget section */
		F6C1F3D428CC971B00B5FD0E /* Release Project */ = {
			isa = PBXNativeTarget;
			buildConfigurationList = F6C1F3E928CC971E00B5FD0E /* Build configuration list for PBXNativeTarget "Release Project" */;
			buildPhases = (
				F6C1F3D128CC971B00B5FD0E /* Sources */,
				F6C1F3D228CC971B00B5FD0E /* Frameworks */,
				F6C1F3D328CC971B00B5FD0E /* Resources */,
			);
			buildRules = (
			);
			dependencies = (
			);
			name = "Release Project";
			packageProductDependencies = (
				F68F00F928D34E5400B7B349 /* Realm */,
				F68F00FB28D34E5400B7B349 /* RealmSwift */,
				F68F00FE28D34E6900B7B349 /* SnapKit */,
				F68F010128D34E7800B7B349 /* YPImagePicker */,
				F68F010428D34E8800B7B349 /* Alamofire */,
				F68F010728D34E9600B7B349 /* FSCalendar */,
				F60AC97428DB0CFD00B74898 /* SwiftyJSON */,
				F60AC98028DB642900B74898 /* PanModal */,
				F607355228E5DE4300AC18C0 /* IQKeyboardManagerSwift */,
				F65472C928F80DE20047037B /* FirebaseAnalyticsWithoutAdIdSupport */,
				F65472CB28F80DE20047037B /* FirebaseCrashlytics */,
				F65472CD28F80DE20047037B /* FirebaseMessaging */,
			);
			productName = "Release Project";
			productReference = F6C1F3D528CC971B00B5FD0E /* Release Project.app */;
			productType = "com.apple.product-type.application";
		};
/* End PBXNativeTarget section */

/* Begin PBXProject section */
		F6C1F3CD28CC971B00B5FD0E /* Project object */ = {
			isa = PBXProject;
			attributes = {
				BuildIndependentTargetsInParallel = 1;
				LastSwiftUpdateCheck = 1340;
				LastUpgradeCheck = 1340;
				TargetAttributes = {
					F6C1F3D428CC971B00B5FD0E = {
						CreatedOnToolsVersion = 13.4.1;
					};
				};
			};
			buildConfigurationList = F6C1F3D028CC971B00B5FD0E /* Build configuration list for PBXProject "Release Project" */;
			compatibilityVersion = "Xcode 13.0";
			developmentRegion = en;
			hasScannedForEncodings = 0;
			knownRegions = (
				en,
				Base,
			);
			mainGroup = F6C1F3CC28CC971B00B5FD0E;
			packageReferences = (
				F68F00F828D34E5400B7B349 /* XCRemoteSwiftPackageReference "realm-swift" */,
				F68F00FD28D34E6900B7B349 /* XCRemoteSwiftPackageReference "SnapKit" */,
				F68F010028D34E7800B7B349 /* XCRemoteSwiftPackageReference "YPImagePicker" */,
				F68F010328D34E8700B7B349 /* XCRemoteSwiftPackageReference "Alamofire" */,
				F68F010628D34E9600B7B349 /* XCRemoteSwiftPackageReference "FSCalendar" */,
				F60AC97328DB0CFD00B74898 /* XCRemoteSwiftPackageReference "SwiftyJSON" */,
				F60AC97F28DB642900B74898 /* XCRemoteSwiftPackageReference "PanModal" */,
				F607355128E5DE4300AC18C0 /* XCRemoteSwiftPackageReference "IQKeyboardManager" */,
				F65472C828F80DE20047037B /* XCRemoteSwiftPackageReference "firebase-ios-sdk" */,
			);
			productRefGroup = F6C1F3D628CC971B00B5FD0E /* Products */;
			projectDirPath = "";
			projectRoot = "";
			targets = (
				F6C1F3D428CC971B00B5FD0E /* Release Project */,
			);
		};
/* End PBXProject section */

/* Begin PBXResourcesBuildPhase section */
		F6C1F3D328CC971B00B5FD0E /* Resources */ = {
			isa = PBXResourcesBuildPhase;
			buildActionMask = 2147483647;
			files = (
				F60AC96E28DB05B000B74898 /* .gitignore in Resources */,
				F6C1F3E528CC971E00B5FD0E /* LaunchScreen.storyboard in Resources */,
				F65472C728F80CCC0047037B /* GoogleService-Info.plist in Resources */,
				F6C1F3E228CC971E00B5FD0E /* Assets.xcassets in Resources */,
				F6C1F3E028CC971B00B5FD0E /* Main.storyboard in Resources */,
			);
			runOnlyForDeploymentPostprocessing = 0;
		};
/* End PBXResourcesBuildPhase section */

/* Begin PBXSourcesBuildPhase section */
		F6C1F3D128CC971B00B5FD0E /* Sources */ = {
			isa = PBXSourcesBuildPhase;
			buildActionMask = 2147483647;
			files = (
				F60AC98328DB722F00B74898 /* UIViewController+Extension.swift in Sources */,
				F6DB7FBF28D0862F004AF264 /* FirstDiaryDetailView.swift in Sources */,
				F6D8211F28D7115800763183 /* DetailTabbarCollectionViewCell.swift in Sources */,
				F68F010F28D3550200B7B349 /* SecondAddItemDetailCollectionViewCell.swift in Sources */,
				F6DB7FDA28D107F6004AF264 /* DiaryDetailViewController.swift in Sources */,
				F6C1F47228D0781200B5FD0E /* CustomHeaderView.swift in Sources */,
				F66A0A4728DCDCA800D39E3C /* HomeViewThirdCollectionViewCell.swift in Sources */,
				F6C1F45B28CDEA6C00B5FD0E /* SecondHomeDetailCollectionViewCell.swift in Sources */,
				F6C1F45928CDEA5500B5FD0E /* ThirdHomeDetailTableViewCell.swift in Sources */,
				F6DB7FD128D0CCAE004AF264 /* FirstHomeDetailViewController-2.swift in Sources */,
				F6C1F40828CC9A2200B5FD0E /* HomeView.swift in Sources */,
				F6D8212328DA167F00763183 /* FileManagerHelper.swift in Sources */,
				F6C1F40A28CC9A3700B5FD0E /* FirstHomeDetailView-1.swift in Sources */,
				F6DB7FCD28D0C4FF004AF264 /* ReusableHeaderView.swift in Sources */,
				F6C1F43328CC9C0900B5FD0E /* APIManager.swift in Sources */,
				F6C1F44528CCC92300B5FD0E /* AddItemViewController.swift in Sources */,
				F60AC96828DA40BB00B74898 /* ThirdHomeDetailImageTableViewCell.swift in Sources */,
				F6C1F41628CC9A7300B5FD0E /* ThirdHomeDetailViewController.swift in Sources */,
				F689995B28E1F2A900083BBB /* ProgressBarLabel.swift in Sources */,
				F6C1F43828CC9ECE00B5FD0E /* BaseCollectionViewCell.swift in Sources */,
				F6C1F43D28CCC03C00B5FD0E /* AddItemView.swift in Sources */,
				F6C1F42F28CC9BE800B5FD0E /* StyleRepository.swift in Sources */,
				F6C1F46228CE232C00B5FD0E /* AddItemDetailViewController.swift in Sources */,
				F6C1F45D28CE0B9300B5FD0E /* AddItemDetailView.swift in Sources */,
				F6C1F45528CCE8A700B5FD0E /* DiaryViewController.swift in Sources */,
				F689993928E0C62100083BBB /* ViewStatus.swift in Sources */,
				F6C1F47528D07AB700B5FD0E /* DiaryTableViewCell.swift in Sources */,
				F6C1F40C28CC9A4100B5FD0E /* SecondHomeDetailView.swift in Sources */,
				F6C1F42B28CC9B9700B5FD0E /* Protocol+Extension.swift in Sources */,
				F6C1F3F528CC980F00B5FD0E /* BaseViewController.swift in Sources */,
				F6C1F45728CDEA3E00B5FD0E /* FirstHomeDetailCollectionViewCell.swift in Sources */,
				F6C1F42D28CC9BD900B5FD0E /* StyleModel.swift in Sources */,
				F6C1F44328CCC6B200B5FD0E /* AddItemCollectionViewCell.swift in Sources */,
				F6C1F46D28D0503F00B5FD0E /* CustomImageView.swift in Sources */,
				F6C1F3D928CC971B00B5FD0E /* AppDelegate.swift in Sources */,
				F689993628E0568100083BBB /* ProgressBar.swift in Sources */,
				F6C1F41428CC9A6B00B5FD0E /* SecondHomeDetailViewController.swift in Sources */,
				F6DB7FDE28D114E2004AF264 /* DetailCollectionViewCell.swift in Sources */,
				F60AC98728DB769300B74898 /* AddItemPanModalView.swift in Sources */,
				F6DB7FCF28D0CC84004AF264 /* FirstHomeDetailView-2.swift in Sources */,
				F6DB7FC928D0AA7D004AF264 /* HomeViewThirdTableViewCell.swift in Sources */,
				F6DB7FCB28D0AA96004AF264 /* HomeViewFourthTableViewCell.swift in Sources */,
				F6C1F41228CC9A6300B5FD0E /* FirstHomeDetailViewController-1.swift in Sources */,
				F6DB7FC528D0AA6A004AF264 /* HomeViewFirstTableViewCell.swift in Sources */,
				F6C1F3DB28CC971B00B5FD0E /* SceneDelegate.swift in Sources */,
				F6DB7FE228D1EC26004AF264 /* SecondDiaryDetailView.swift in Sources */,
				F6C1F43628CC9E8E00B5FD0E /* BaseTableViewCell.swift in Sources */,
				F6A19A1D28F431C300274411 /* DetailImageView.swift in Sources */,
				F60AC98928DB76A600B74898 /* AddItemPanModalTableViewCell.swift in Sources */,
				F6DB7FC728D0AA74004AF264 /* HomeViewSecondTableViewCell.swift in Sources */,
				F6C1F40E28CC9A4B00B5FD0E /* ThirdHomeDetailView.swift in Sources */,
				F6DB7FE028D1EC18004AF264 /* DiarySecondDetailViewController.swift in Sources */,
				F68343B128D6331E00B94628 /* DetailSeasonCollectionViewCell.swift in Sources */,
				F6C1F42928CC9B8D00B5FD0E /* Transition+Extension.swift in Sources */,
				F60AC97228DB063500B74898 /* APIKey.swift in Sources */,
				F607355028E3839700AC18C0 /* BasePopupViewController.swift in Sources */,
				F6C1F41028CC9A5700B5FD0E /* HomeViewController.swift in Sources */,
				F60AC96A28DAF82400B74898 /* WeatherModel.swift in Sources */,
				F6DB7FD328D0CE7A004AF264 /* HomeDetailCollectionReusableView.swift in Sources */,
				F6C1F45328CCE89400B5FD0E /* DiaryView.swift in Sources */,
				F6DB7FD528D0D122004AF264 /* CustomUIView.swift in Sources */,
				F68F011328D365F300B7B349 /* FirstAddItemDetailCollectionReusableView.swift in Sources */,
				F60AC98E28DC5DA100B74898 /* Extension.swift in Sources */,
				F6C1F3F328CC97FB00B5FD0E /* BaseView.swift in Sources */,
				F6A19A1A28F4316300274411 /* DetailImageViewController.swift in Sources */,
				F68F011128D3550C00B7B349 /* ThirdAddItemDetailCollectionViewCell.swift in Sources */,
				F60AC98528DB765300B74898 /* AddItemPanModalVC.swift in Sources */,
			);
			runOnlyForDeploymentPostprocessing = 0;
		};
/* End PBXSourcesBuildPhase section */

/* Begin PBXVariantGroup section */
		F6C1F3DE28CC971B00B5FD0E /* Main.storyboard */ = {
			isa = PBXVariantGroup;
			children = (
				F6C1F3DF28CC971B00B5FD0E /* Base */,
			);
			name = Main.storyboard;
			sourceTree = "<group>";
		};
		F6C1F3E328CC971E00B5FD0E /* LaunchScreen.storyboard */ = {
			isa = PBXVariantGroup;
			children = (
				F6C1F3E428CC971E00B5FD0E /* Base */,
			);
			name = LaunchScreen.storyboard;
			sourceTree = "<group>";
		};
/* End PBXVariantGroup section */

/* Begin XCBuildConfiguration section */
		F6C1F3E728CC971E00B5FD0E /* Debug */ = {
			isa = XCBuildConfiguration;
			buildSettings = {
				ALWAYS_SEARCH_USER_PATHS = NO;
				CLANG_ANALYZER_NONNULL = YES;
				CLANG_ANALYZER_NUMBER_OBJECT_CONVERSION = YES_AGGRESSIVE;
				CLANG_CXX_LANGUAGE_STANDARD = "gnu++17";
				CLANG_ENABLE_MODULES = YES;
				CLANG_ENABLE_OBJC_ARC = YES;
				CLANG_ENABLE_OBJC_WEAK = YES;
				CLANG_WARN_BLOCK_CAPTURE_AUTORELEASING = YES;
				CLANG_WARN_BOOL_CONVERSION = YES;
				CLANG_WARN_COMMA = YES;
				CLANG_WARN_CONSTANT_CONVERSION = YES;
				CLANG_WARN_DEPRECATED_OBJC_IMPLEMENTATIONS = YES;
				CLANG_WARN_DIRECT_OBJC_ISA_USAGE = YES_ERROR;
				CLANG_WARN_DOCUMENTATION_COMMENTS = YES;
				CLANG_WARN_EMPTY_BODY = YES;
				CLANG_WARN_ENUM_CONVERSION = YES;
				CLANG_WARN_INFINITE_RECURSION = YES;
				CLANG_WARN_INT_CONVERSION = YES;
				CLANG_WARN_NON_LITERAL_NULL_CONVERSION = YES;
				CLANG_WARN_OBJC_IMPLICIT_RETAIN_SELF = YES;
				CLANG_WARN_OBJC_LITERAL_CONVERSION = YES;
				CLANG_WARN_OBJC_ROOT_CLASS = YES_ERROR;
				CLANG_WARN_QUOTED_INCLUDE_IN_FRAMEWORK_HEADER = YES;
				CLANG_WARN_RANGE_LOOP_ANALYSIS = YES;
				CLANG_WARN_STRICT_PROTOTYPES = YES;
				CLANG_WARN_SUSPICIOUS_MOVE = YES;
				CLANG_WARN_UNGUARDED_AVAILABILITY = YES_AGGRESSIVE;
				CLANG_WARN_UNREACHABLE_CODE = YES;
				CLANG_WARN__DUPLICATE_METHOD_MATCH = YES;
				COPY_PHASE_STRIP = NO;
				DEBUG_INFORMATION_FORMAT = dwarf;
				ENABLE_STRICT_OBJC_MSGSEND = YES;
				ENABLE_TESTABILITY = YES;
				GCC_C_LANGUAGE_STANDARD = gnu11;
				GCC_DYNAMIC_NO_PIC = NO;
				GCC_NO_COMMON_BLOCKS = YES;
				GCC_OPTIMIZATION_LEVEL = 0;
				GCC_PREPROCESSOR_DEFINITIONS = (
					"DEBUG=1",
					"$(inherited)",
				);
				GCC_WARN_64_TO_32_BIT_CONVERSION = YES;
				GCC_WARN_ABOUT_RETURN_TYPE = YES_ERROR;
				GCC_WARN_UNDECLARED_SELECTOR = YES;
				GCC_WARN_UNINITIALIZED_AUTOS = YES_AGGRESSIVE;
				GCC_WARN_UNUSED_FUNCTION = YES;
				GCC_WARN_UNUSED_VARIABLE = YES;
				IPHONEOS_DEPLOYMENT_TARGET = 15.0;
				MTL_ENABLE_DEBUG_INFO = INCLUDE_SOURCE;
				MTL_FAST_MATH = YES;
				ONLY_ACTIVE_ARCH = YES;
				SDKROOT = iphoneos;
				SWIFT_ACTIVE_COMPILATION_CONDITIONS = DEBUG;
				SWIFT_OPTIMIZATION_LEVEL = "-Onone";
			};
			name = Debug;
		};
		F6C1F3E828CC971E00B5FD0E /* Release */ = {
			isa = XCBuildConfiguration;
			buildSettings = {
				ALWAYS_SEARCH_USER_PATHS = NO;
				CLANG_ANALYZER_NONNULL = YES;
				CLANG_ANALYZER_NUMBER_OBJECT_CONVERSION = YES_AGGRESSIVE;
				CLANG_CXX_LANGUAGE_STANDARD = "gnu++17";
				CLANG_ENABLE_MODULES = YES;
				CLANG_ENABLE_OBJC_ARC = YES;
				CLANG_ENABLE_OBJC_WEAK = YES;
				CLANG_WARN_BLOCK_CAPTURE_AUTORELEASING = YES;
				CLANG_WARN_BOOL_CONVERSION = YES;
				CLANG_WARN_COMMA = YES;
				CLANG_WARN_CONSTANT_CONVERSION = YES;
				CLANG_WARN_DEPRECATED_OBJC_IMPLEMENTATIONS = YES;
				CLANG_WARN_DIRECT_OBJC_ISA_USAGE = YES_ERROR;
				CLANG_WARN_DOCUMENTATION_COMMENTS = YES;
				CLANG_WARN_EMPTY_BODY = YES;
				CLANG_WARN_ENUM_CONVERSION = YES;
				CLANG_WARN_INFINITE_RECURSION = YES;
				CLANG_WARN_INT_CONVERSION = YES;
				CLANG_WARN_NON_LITERAL_NULL_CONVERSION = YES;
				CLANG_WARN_OBJC_IMPLICIT_RETAIN_SELF = YES;
				CLANG_WARN_OBJC_LITERAL_CONVERSION = YES;
				CLANG_WARN_OBJC_ROOT_CLASS = YES_ERROR;
				CLANG_WARN_QUOTED_INCLUDE_IN_FRAMEWORK_HEADER = YES;
				CLANG_WARN_RANGE_LOOP_ANALYSIS = YES;
				CLANG_WARN_STRICT_PROTOTYPES = YES;
				CLANG_WARN_SUSPICIOUS_MOVE = YES;
				CLANG_WARN_UNGUARDED_AVAILABILITY = YES_AGGRESSIVE;
				CLANG_WARN_UNREACHABLE_CODE = YES;
				CLANG_WARN__DUPLICATE_METHOD_MATCH = YES;
				COPY_PHASE_STRIP = NO;
				DEBUG_INFORMATION_FORMAT = "dwarf-with-dsym";
				ENABLE_NS_ASSERTIONS = NO;
				ENABLE_STRICT_OBJC_MSGSEND = YES;
				GCC_C_LANGUAGE_STANDARD = gnu11;
				GCC_NO_COMMON_BLOCKS = YES;
				GCC_WARN_64_TO_32_BIT_CONVERSION = YES;
				GCC_WARN_ABOUT_RETURN_TYPE = YES_ERROR;
				GCC_WARN_UNDECLARED_SELECTOR = YES;
				GCC_WARN_UNINITIALIZED_AUTOS = YES_AGGRESSIVE;
				GCC_WARN_UNUSED_FUNCTION = YES;
				GCC_WARN_UNUSED_VARIABLE = YES;
				IPHONEOS_DEPLOYMENT_TARGET = 15.0;
				MTL_ENABLE_DEBUG_INFO = NO;
				MTL_FAST_MATH = YES;
				SDKROOT = iphoneos;
				SWIFT_COMPILATION_MODE = wholemodule;
				SWIFT_OPTIMIZATION_LEVEL = "-O";
				VALIDATE_PRODUCT = YES;
			};
			name = Release;
		};
		F6C1F3EA28CC971E00B5FD0E /* Debug */ = {
			isa = XCBuildConfiguration;
			buildSettings = {
				ASSETCATALOG_COMPILER_APPICON_NAME = AppIcon;
				ASSETCATALOG_COMPILER_GLOBAL_ACCENT_COLOR_NAME = AccentColor;
				CODE_SIGN_ENTITLEMENTS = "Release Project/Release Project.entitlements";
				CODE_SIGN_STYLE = Automatic;
				CURRENT_PROJECT_VERSION = 1;
				DEVELOPMENT_TEAM = FJNF7APGSX;
				GENERATE_INFOPLIST_FILE = YES;
				INFOPLIST_FILE = "Release Project/Info.plist";
				INFOPLIST_KEY_CFBundleDisplayName = "오늘 뭐입지?";
				INFOPLIST_KEY_NSCameraUsageDescription = "아이템 등록과 다이어리 작성을 위해 카메라 접근 권한이 필요합니다.";
				INFOPLIST_KEY_NSLocationWhenInUseUsageDescription = "사용자의 현재 위치를 기반으로 날씨정보를 보여주기 위해 권한이 필요합니다.";
				INFOPLIST_KEY_NSPhotoLibraryUsageDescription = "아이템 등록과 다이어리 작성을 위해 갤러리 접근 권한이 필요합니다.";
				INFOPLIST_KEY_UIApplicationSupportsIndirectInputEvents = YES;
				INFOPLIST_KEY_UILaunchStoryboardName = LaunchScreen;
				INFOPLIST_KEY_UIMainStoryboardFile = Main;
				INFOPLIST_KEY_UISupportedInterfaceOrientations = UIInterfaceOrientationPortrait;
				INFOPLIST_KEY_UISupportedInterfaceOrientations_iPad = "UIInterfaceOrientationLandscapeLeft UIInterfaceOrientationLandscapeRight UIInterfaceOrientationPortrait UIInterfaceOrientationPortraitUpsideDown";
				INFOPLIST_KEY_UIUserInterfaceStyle = Light;
				IPHONEOS_DEPLOYMENT_TARGET = 15.0;
				LD_RUNPATH_SEARCH_PATHS = (
					"$(inherited)",
					"@executable_path/Frameworks",
				);
				MARKETING_VERSION = 1.1;
				PRODUCT_BUNDLE_IDENTIFIER = "com.rOarMJ.Release-Project";
				PRODUCT_NAME = "$(TARGET_NAME)";
				SWIFT_EMIT_LOC_STRINGS = YES;
				SWIFT_VERSION = 5.0;
				TARGETED_DEVICE_FAMILY = 1;
			};
			name = Debug;
		};
		F6C1F3EB28CC971E00B5FD0E /* Release */ = {
			isa = XCBuildConfiguration;
			buildSettings = {
				ASSETCATALOG_COMPILER_APPICON_NAME = AppIcon;
				ASSETCATALOG_COMPILER_GLOBAL_ACCENT_COLOR_NAME = AccentColor;
				CODE_SIGN_ENTITLEMENTS = "Release Project/Release Project.entitlements";
				CODE_SIGN_STYLE = Automatic;
				CURRENT_PROJECT_VERSION = 1;
				DEVELOPMENT_TEAM = FJNF7APGSX;
				GENERATE_INFOPLIST_FILE = YES;
				INFOPLIST_FILE = "Release Project/Info.plist";
				INFOPLIST_KEY_CFBundleDisplayName = "오늘 뭐입지?";
				INFOPLIST_KEY_NSCameraUsageDescription = "아이템 등록과 다이어리 작성을 위해 카메라 접근 권한이 필요합니다.";
				INFOPLIST_KEY_NSLocationWhenInUseUsageDescription = "사용자의 현재 위치를 기반으로 날씨정보를 보여주기 위해 권한이 필요합니다.";
				INFOPLIST_KEY_NSPhotoLibraryUsageDescription = "아이템 등록과 다이어리 작성을 위해 갤러리 접근 권한이 필요합니다.";
				INFOPLIST_KEY_UIApplicationSupportsIndirectInputEvents = YES;
				INFOPLIST_KEY_UILaunchStoryboardName = LaunchScreen;
				INFOPLIST_KEY_UIMainStoryboardFile = Main;
				INFOPLIST_KEY_UISupportedInterfaceOrientations = UIInterfaceOrientationPortrait;
				INFOPLIST_KEY_UISupportedInterfaceOrientations_iPad = "UIInterfaceOrientationLandscapeLeft UIInterfaceOrientationLandscapeRight UIInterfaceOrientationPortrait UIInterfaceOrientationPortraitUpsideDown";
				INFOPLIST_KEY_UIUserInterfaceStyle = Light;
				IPHONEOS_DEPLOYMENT_TARGET = 15.0;
				LD_RUNPATH_SEARCH_PATHS = (
					"$(inherited)",
					"@executable_path/Frameworks",
				);
				MARKETING_VERSION = 1.1;
				PRODUCT_BUNDLE_IDENTIFIER = "com.rOarMJ.Release-Project";
				PRODUCT_NAME = "$(TARGET_NAME)";
				SWIFT_EMIT_LOC_STRINGS = YES;
				SWIFT_VERSION = 5.0;
				TARGETED_DEVICE_FAMILY = 1;
			};
			name = Release;
		};
/* End XCBuildConfiguration section */

/* Begin XCConfigurationList section */
		F6C1F3D028CC971B00B5FD0E /* Build configuration list for PBXProject "Release Project" */ = {
			isa = XCConfigurationList;
			buildConfigurations = (
				F6C1F3E728CC971E00B5FD0E /* Debug */,
				F6C1F3E828CC971E00B5FD0E /* Release */,
			);
			defaultConfigurationIsVisible = 0;
			defaultConfigurationName = Release;
		};
		F6C1F3E928CC971E00B5FD0E /* Build configuration list for PBXNativeTarget "Release Project" */ = {
			isa = XCConfigurationList;
			buildConfigurations = (
				F6C1F3EA28CC971E00B5FD0E /* Debug */,
				F6C1F3EB28CC971E00B5FD0E /* Release */,
			);
			defaultConfigurationIsVisible = 0;
			defaultConfigurationName = Release;
		};
/* End XCConfigurationList section */

/* Begin XCRemoteSwiftPackageReference section */
		F607355128E5DE4300AC18C0 /* XCRemoteSwiftPackageReference "IQKeyboardManager" */ = {
			isa = XCRemoteSwiftPackageReference;
			repositoryURL = "https://github.com/hackiftekhar/IQKeyboardManager";
			requirement = {
				kind = exactVersion;
				version = 6.5.0;
			};
		};
		F60AC97328DB0CFD00B74898 /* XCRemoteSwiftPackageReference "SwiftyJSON" */ = {
			isa = XCRemoteSwiftPackageReference;
			repositoryURL = "https://github.com/SwiftyJSON/SwiftyJSON.git";
			requirement = {
				kind = upToNextMajorVersion;
				minimumVersion = 5.0.0;
			};
		};
		F60AC97F28DB642900B74898 /* XCRemoteSwiftPackageReference "PanModal" */ = {
			isa = XCRemoteSwiftPackageReference;
			repositoryURL = "https://github.com/slackhq/PanModal.git";
			requirement = {
				kind = upToNextMajorVersion;
				minimumVersion = 1.0.0;
			};
		};
		F65472C828F80DE20047037B /* XCRemoteSwiftPackageReference "firebase-ios-sdk" */ = {
			isa = XCRemoteSwiftPackageReference;
			repositoryURL = "https://github.com/firebase/firebase-ios-sdk";
			requirement = {
				kind = upToNextMajorVersion;
				minimumVersion = 9.0.0;
			};
		};
		F68F00F828D34E5400B7B349 /* XCRemoteSwiftPackageReference "realm-swift" */ = {
			isa = XCRemoteSwiftPackageReference;
			repositoryURL = "https://github.com/realm/realm-swift.git";
			requirement = {
				kind = upToNextMajorVersion;
				minimumVersion = 10.29.0;
			};
		};
		F68F00FD28D34E6900B7B349 /* XCRemoteSwiftPackageReference "SnapKit" */ = {
			isa = XCRemoteSwiftPackageReference;
			repositoryURL = "https://github.com/SnapKit/SnapKit.git";
			requirement = {
				kind = upToNextMajorVersion;
				minimumVersion = 5.0.0;
			};
		};
		F68F010028D34E7800B7B349 /* XCRemoteSwiftPackageReference "YPImagePicker" */ = {
			isa = XCRemoteSwiftPackageReference;
			repositoryURL = "https://github.com/Yummypets/YPImagePicker.git";
			requirement = {
				kind = upToNextMajorVersion;
				minimumVersion = 5.0.0;
			};
		};
		F68F010328D34E8700B7B349 /* XCRemoteSwiftPackageReference "Alamofire" */ = {
			isa = XCRemoteSwiftPackageReference;
			repositoryURL = "https://github.com/Alamofire/Alamofire.git";
			requirement = {
				kind = upToNextMajorVersion;
				minimumVersion = 5.0.0;
			};
		};
		F68F010628D34E9600B7B349 /* XCRemoteSwiftPackageReference "FSCalendar" */ = {
			isa = XCRemoteSwiftPackageReference;
			repositoryURL = "https://github.com/WenchaoD/FSCalendar.git";
			requirement = {
				kind = upToNextMajorVersion;
				minimumVersion = 2.0.0;
			};
		};
/* End XCRemoteSwiftPackageReference section */

/* Begin XCSwiftPackageProductDependency section */
		F607355228E5DE4300AC18C0 /* IQKeyboardManagerSwift */ = {
			isa = XCSwiftPackageProductDependency;
			package = F607355128E5DE4300AC18C0 /* XCRemoteSwiftPackageReference "IQKeyboardManager" */;
			productName = IQKeyboardManagerSwift;
		};
		F60AC97428DB0CFD00B74898 /* SwiftyJSON */ = {
			isa = XCSwiftPackageProductDependency;
			package = F60AC97328DB0CFD00B74898 /* XCRemoteSwiftPackageReference "SwiftyJSON" */;
			productName = SwiftyJSON;
		};
		F60AC98028DB642900B74898 /* PanModal */ = {
			isa = XCSwiftPackageProductDependency;
			package = F60AC97F28DB642900B74898 /* XCRemoteSwiftPackageReference "PanModal" */;
			productName = PanModal;
		};
		F65472C928F80DE20047037B /* FirebaseAnalyticsWithoutAdIdSupport */ = {
			isa = XCSwiftPackageProductDependency;
			package = F65472C828F80DE20047037B /* XCRemoteSwiftPackageReference "firebase-ios-sdk" */;
			productName = FirebaseAnalyticsWithoutAdIdSupport;
		};
		F65472CB28F80DE20047037B /* FirebaseCrashlytics */ = {
			isa = XCSwiftPackageProductDependency;
			package = F65472C828F80DE20047037B /* XCRemoteSwiftPackageReference "firebase-ios-sdk" */;
			productName = FirebaseCrashlytics;
		};
		F65472CD28F80DE20047037B /* FirebaseMessaging */ = {
			isa = XCSwiftPackageProductDependency;
			package = F65472C828F80DE20047037B /* XCRemoteSwiftPackageReference "firebase-ios-sdk" */;
			productName = FirebaseMessaging;
		};
		F68F00F928D34E5400B7B349 /* Realm */ = {
			isa = XCSwiftPackageProductDependency;
			package = F68F00F828D34E5400B7B349 /* XCRemoteSwiftPackageReference "realm-swift" */;
			productName = Realm;
		};
		F68F00FB28D34E5400B7B349 /* RealmSwift */ = {
			isa = XCSwiftPackageProductDependency;
			package = F68F00F828D34E5400B7B349 /* XCRemoteSwiftPackageReference "realm-swift" */;
			productName = RealmSwift;
		};
		F68F00FE28D34E6900B7B349 /* SnapKit */ = {
			isa = XCSwiftPackageProductDependency;
			package = F68F00FD28D34E6900B7B349 /* XCRemoteSwiftPackageReference "SnapKit" */;
			productName = SnapKit;
		};
		F68F010128D34E7800B7B349 /* YPImagePicker */ = {
			isa = XCSwiftPackageProductDependency;
			package = F68F010028D34E7800B7B349 /* XCRemoteSwiftPackageReference "YPImagePicker" */;
			productName = YPImagePicker;
		};
		F68F010428D34E8800B7B349 /* Alamofire */ = {
			isa = XCSwiftPackageProductDependency;
			package = F68F010328D34E8700B7B349 /* XCRemoteSwiftPackageReference "Alamofire" */;
			productName = Alamofire;
		};
		F68F010728D34E9600B7B349 /* FSCalendar */ = {
			isa = XCSwiftPackageProductDependency;
			package = F68F010628D34E9600B7B349 /* XCRemoteSwiftPackageReference "FSCalendar" */;
			productName = FSCalendar;
		};
/* End XCSwiftPackageProductDependency section */
	};
	rootObject = F6C1F3CD28CC971B00B5FD0E /* Project object */;
}
